
Microsoft Visual Studio Solution File, Format Version 12.00
# Visual Studio Version 17
VisualStudioVersion = 17.11.35431.28
MinimumVisualStudioVersion = 10.0.40219.1
Project("{FAE04EC0-301F-11D3-BF4B-00C04F79EFBC}") = "DemoTree", "DemoTree\DemoTree.csproj", "{C89013CF-D877-41BE-9458-E0E4D5D93496}"
EndProject
Project("{FAE04EC0-301F-11D3-BF4B-00C04F79EFBC}") = "DemoExplorer", "DemoExplorer\DemoExplorer.csproj", "{2CB2A538-CEDB-49B6-9F1B-611B497B282E}"
EndProject
Project("{FAE04EC0-301F-11D3-BF4B-00C04F79EFBC}") = "DemoListView", "DemoListView\DemoListView.csproj", "{BD68A61B-B684-42E4-A986-A4852FB97ED0}"
EndProject
Global
	GlobalSection(SolutionConfigurationPlatforms) = preSolution
		Debug|Any CPU = Debug|Any CPU
		Release|Any CPU = Release|Any CPU
	EndGlobalSection
	GlobalSection(ProjectConfigurationPlatforms) = postSolution
		{C89013CF-D877-41BE-9458-E0E4D5D93496}.Debug|Any CPU.ActiveCfg = Debug|Any CPU
		{C89013CF-D877-41BE-9458-E0E4D5D93496}.Debug|Any CPU.Build.0 = Debug|Any CPU
		{C89013CF-D877-41BE-9458-E0E4D5D93496}.Release|Any CPU.ActiveCfg = Release|Any CPU
		{C89013CF-D877-41BE-9458-E0E4D5D93496}.Release|Any CPU.Build.0 = Release|Any CPU
		{2CB2A538-CEDB-49B6-9F1B-611B497B282E}.Debug|Any CPU.ActiveCfg = Debug|Any CPU
		{2CB2A538-CEDB-49B6-9F1B-611B497B282E}.Debug|Any CPU.Build.0 = Debug|Any CPU
		{2CB2A538-CEDB-49B6-9F1B-611B497B282E}.Release|Any CPU.ActiveCfg = Release|Any CPU
		{2CB2A538-CEDB-49B6-9F1B-611B497B282E}.Release|Any CPU.Build.0 = Release|Any CPU
		{BD68A61B-B684-42E4-A986-A4852FB97ED0}.Debug|Any CPU.ActiveCfg = Debug|Any CPU
		{BD68A61B-B684-42E4-A986-A4852FB97ED0}.Debug|Any CPU.Build.0 = Debug|Any CPU
		{BD68A61B-B684-42E4-A986-A4852FB97ED0}.Release|Any CPU.ActiveCfg = Release|Any CPU
		{BD68A61B-B684-42E4-A986-A4852FB97ED0}.Release|Any CPU.Build.0 = Release|Any CPU
	EndGlobalSection
	GlobalSection(SolutionProperties) = preSolution
		HideSolutionNode = FALSE
	EndGlobalSection
	GlobalSection(ExtensibilityGlobals) = postSolution
		SolutionGuid = {7664EA09-BFDE-427E-9719-7AA0E0B0A2FC}
	EndGlobalSection
EndGlobal
